<?xml version="1.0" encoding="utf-8"?>
<Project ToolsVersion="4.0" xmlns="http://schemas.microsoft.com/developer/msbuild/2003">
  <ItemGroup>
    <Filter Include="源文件">
      <UniqueIdentifier>{4FC737F1-C7A5-4376-A066-2A32D752A2FF}</UniqueIdentifier>
      <Extensions>cpp;c;cc;cxx;c++;cppm;ixx;def;odl;idl;hpj;bat;asm;asmx</Extensions>
    </Filter>
    <Filter Include="头文件">
      <UniqueIdentifier>{93995380-89BD-4b04-88EB-625FBE52EBFB}</UniqueIdentifier>
      <Extensions>h;hh;hpp;hxx;h++;hm;inl;inc;ipp;xsd</Extensions>
    </Filter>
    <Filter Include="资源文件">
      <UniqueIdentifier>{67DA6AB6-F800-4c08-8B7A-83BB121AAD01}</UniqueIdentifier>
      <Extensions>rc;ico;cur;bmp;dlg;rc2;rct;bin;rgs;gif;jpg;jpeg;jpe;resx;tiff;tif;png;wav;mfcribbon-ms</Extensions>
    </Filter>
    <Filter Include="头文件\scene">
      <UniqueIdentifier>{55d5397d-15ac-4cec-9c37-ec0480dfa5f1}</UniqueIdentifier>
    </Filter>
    <Filter Include="源文件\scene">
      <UniqueIdentifier>{314878d2-df59-4c98-a4ec-77100995c6c8}</UniqueIdentifier>
    </Filter>
    <Filter Include="头文件\character">
      <UniqueIdentifier>{c70f6f1e-fa43-4760-921a-aec1382a522a}</UniqueIdentifier>
    </Filter>
    <Filter Include="源文件\character">
      <UniqueIdentifier>{39be980d-dd69-4517-94a8-734c263d4250}</UniqueIdentifier>
    </Filter>
    <Filter Include="头文件\enemy">
      <UniqueIdentifier>{63df2a5d-3363-4eab-ba20-1dc809df2192}</UniqueIdentifier>
    </Filter>
    <Filter Include="源文件\enemy">
      <UniqueIdentifier>{dccf8af1-c118-40c7-9dab-e00201556b25}</UniqueIdentifier>
    </Filter>
  </ItemGroup>
  <ItemGroup>
    <ClCompile Include="Atlas.cpp">
      <Filter>源文件</Filter>
    </ClCompile>
    <ClCompile Include="tools.cpp">
      <Filter>源文件</Filter>
    </ClCompile>
    <ClCompile Include="main.cpp">
      <Filter>源文件</Filter>
    </ClCompile>
    <ClCompile Include="Animation.cpp">
      <Filter>源文件</Filter>
    </ClCompile>
    <ClCompile Include="Vector2.cpp">
      <Filter>源文件</Filter>
    </ClCompile>
    <ClCompile Include="Timer.cpp">
      <Filter>源文件</Filter>
    </ClCompile>
    <ClCompile Include="Camera.cpp">
      <Filter>源文件</Filter>
    </ClCompile>
    <ClCompile Include="GameScene.cpp">
      <Filter>源文件\scene</Filter>
    </ClCompile>
    <ClCompile Include="MenuScene.cpp">
      <Filter>源文件\scene</Filter>
    </ClCompile>
    <ClCompile Include="LevelSelector.cpp">
      <Filter>源文件\scene</Filter>
    </ClCompile>
    <ClCompile Include="Scene.cpp">
      <Filter>源文件\scene</Filter>
    </ClCompile>
    <ClCompile Include="Character.cpp">
      <Filter>源文件\character</Filter>
    </ClCompile>
    <ClCompile Include="Exusiai.cpp">
      <Filter>源文件\character</Filter>
    </ClCompile>
    <ClCompile Include="SceneManager.cpp">
      <Filter>源文件\scene</Filter>
    </ClCompile>
    <ClCompile Include="Gridcell.cpp">
      <Filter>源文件</Filter>
    </ClCompile>
    <ClCompile Include="Command.cpp">
      <Filter>源文件</Filter>
    </ClCompile>
    <ClCompile Include="Enemy.cpp">
      <Filter>源文件\enemy</Filter>
    </ClCompile>
    <ClCompile Include="primebug.cpp">
      <Filter>源文件\enemy</Filter>
    </ClCompile>
    <ClCompile Include="Button.cpp">
      <Filter>源文件</Filter>
    </ClCompile>
    <ClCompile Include="Muelsyse.cpp">
      <Filter>源文件\character</Filter>
    </ClCompile>
    <ClCompile Include="Frostleaf.cpp">
      <Filter>源文件\character</Filter>
    </ClCompile>
    <ClCompile Include="Bullet.cpp">
      <Filter>源文件</Filter>
    </ClCompile>
    <ClCompile Include="Daoguang.cpp">
      <Filter>源文件</Filter>
    </ClCompile>
    <ClCompile Include="EnemyWave.cpp">
      <Filter>源文件</Filter>
    </ClCompile>
    <ClCompile Include="Ritor.cpp">
      <Filter>源文件\enemy</Filter>
    </ClCompile>
    <ClCompile Include="Shield.cpp">
      <Filter>源文件\enemy</Filter>
    </ClCompile>
    <ClCompile Include="Avenger.cpp">
      <Filter>源文件\enemy</Filter>
    </ClCompile>
    <ClCompile Include="TujianScene.cpp">
      <Filter>源文件\scene</Filter>
    </ClCompile>
    <ClCompile Include="LoginScene.cpp">
      <Filter>源文件\scene</Filter>
    </ClCompile>
  </ItemGroup>
  <ItemGroup>
    <ClInclude Include="GameScene.h">
      <Filter>头文件\scene</Filter>
    </ClInclude>
    <ClInclude Include="MenuScene.h">
      <Filter>头文件\scene</Filter>
    </ClInclude>
    <ClInclude Include="Scene.h">
      <Filter>头文件\scene</Filter>
    </ClInclude>
    <ClInclude Include="Atlas.h">
      <Filter>头文件</Filter>
    </ClInclude>
    <ClInclude Include="tools.h">
      <Filter>头文件</Filter>
    </ClInclude>
    <ClInclude Include="Animation.h">
      <Filter>头文件</Filter>
    </ClInclude>
    <ClInclude Include="Vector2.h">
      <Filter>头文件</Filter>
    </ClInclude>
    <ClInclude Include="Timer.h">
      <Filter>头文件</Filter>
    </ClInclude>
    <ClInclude Include="Camera.h">
      <Filter>头文件</Filter>
    </ClInclude>
    <ClInclude Include="LevelSelector.h">
      <Filter>头文件\scene</Filter>
    </ClInclude>
    <ClInclude Include="Character.h">
      <Filter>头文件\character</Filter>
    </ClInclude>
    <ClInclude Include="Exusiai.h">
      <Filter>头文件\character</Filter>
    </ClInclude>
    <ClInclude Include="SceneManager.h">
      <Filter>头文件\scene</Filter>
    </ClInclude>
    <ClInclude Include="Gridcell.h">
      <Filter>头文件</Filter>
    </ClInclude>
    <ClInclude Include="Command.h">
      <Filter>头文件</Filter>
    </ClInclude>
    <ClInclude Include="Enemy.h">
      <Filter>头文件\enemy</Filter>
    </ClInclude>
    <ClInclude Include="primebug.h">
      <Filter>头文件\enemy</Filter>
    </ClInclude>
    <ClInclude Include="Button.h">
      <Filter>头文件</Filter>
    </ClInclude>
    <ClInclude Include="Muelsyse.h">
      <Filter>头文件\character</Filter>
    </ClInclude>
    <ClInclude Include="Frostleaf.h">
      <Filter>头文件\character</Filter>
    </ClInclude>
    <ClInclude Include="Bullet.h">
      <Filter>头文件</Filter>
    </ClInclude>
    <ClInclude Include="Daoguang.h">
      <Filter>头文件</Filter>
    </ClInclude>
    <ClInclude Include="EnemyWave.h">
      <Filter>头文件</Filter>
    </ClInclude>
    <ClInclude Include="Ritor.h">
      <Filter>头文件\enemy</Filter>
    </ClInclude>
    <ClInclude Include="Shield.h">
      <Filter>头文件\enemy</Filter>
    </ClInclude>
    <ClInclude Include="Avenger.h">
      <Filter>头文件\enemy</Filter>
    </ClInclude>
    <ClInclude Include="TujianScene.h">
      <Filter>头文件\scene</Filter>
    </ClInclude>
    <ClInclude Include="LoginScene.h">
      <Filter>头文件\scene</Filter>
    </ClInclude>
  </ItemGroup>
</Project>